
Microsoft Visual Studio Solution File, Format Version 12.00
# Visual Studio 14
VisualStudioVersion = 14.0.25123.0
MinimumVisualStudioVersion = 10.0.40219.1
Project("{FAE04EC0-301F-11D3-BF4B-00C04F79EFBC}") = "WoodenPong", "WoodenPong\WoodenPong.csproj", "{5EE4A197-FB7E-417D-9DB3-A9683CC9D680}"
EndProject
Global
	GlobalSection(SolutionConfigurationPlatforms) = preSolution
		Debug|x86 = Debug|x86
		Release|x86 = Release|x86
	EndGlobalSection
	GlobalSection(ProjectConfigurationPlatforms) = postSolution
		{5EE4A197-FB7E-417D-9DB3-A9683CC9D680}.Debug|x86.ActiveCfg = Debug|x86
		{5EE4A197-FB7E-417D-9DB3-A9683CC9D680}.Debug|x86.Build.0 = Debug|x86
		{5EE4A197-FB7E-417D-9DB3-A9683CC9D680}.Release|x86.ActiveCfg = Release|x86
		{5EE4A197-FB7E-417D-9DB3-A9683CC9D680}.Release|x86.Build.0 = Release|x86
	EndGlobalSection
	GlobalSection(SolutionProperties) = preSolution
		HideSolutionNode = FALSE
	EndGlobalSection
EndGlobal
